
Microsoft Visual Studio Solution File, Format Version 12.00
Project("{FAE04EC0-301F-11D3-BF4B-00C04F79EFBC}") = "KeyedSemaphores", "KeyedSemaphores\KeyedSemaphores.csproj", "{2B8D016E-6627-4DB8-88CF-75BC72C5D034}"
EndProject
Project("{FAE04EC0-301F-11D3-BF4B-00C04F79EFBC}") = "KeyedSemaphores.Tests", "KeyedSemaphores.Tests\KeyedSemaphores.Tests.csproj", "{C92BF16F-8CBA-4429-8062-F27E5A382700}"
EndProject
Project("{2150E333-8FDC-42A3-9474-1A3956D46DE8}") = "Solution Items", "Solution Items", "{1FDD4C13-F04A-49ED-9B27-E4DB24590D85}"
ProjectSection(SolutionItems) = preProject
	CHANGELOG.MD = CHANGELOG.MD
	CONTRIBUTORS.MD = CONTRIBUTORS.MD
	LICENSE = LICENSE
	README.MD = README.MD
	publish.ps1 = publish.ps1
	.github\workflows\build.yml = .github\workflows\build.yml
	.gitignore = .gitignore
	BENCHMARKS.MD = BENCHMARKS.MD
	codecov.yml = codecov.yml
	coverlet.runsettings = coverlet.runsettings
EndProjectSection
EndProject
Project("{FAE04EC0-301F-11D3-BF4B-00C04F79EFBC}") = "KeyedSemaphores.Samples", "KeyedSemaphores.Samples\KeyedSemaphores.Samples.csproj", "{9C2EA186-26C3-478A-88A8-B0B79FB80B58}"
EndProject
Project("{FAE04EC0-301F-11D3-BF4B-00C04F79EFBC}") = "KeyedSemaphores.Benchmarks", "KeyedSemaphores.Benchmarks\KeyedSemaphores.Benchmarks.csproj", "{1B454AFE-8B53-4191-B512-365709F1FD64}"
EndProject
Global
	GlobalSection(SolutionConfigurationPlatforms) = preSolution
		Debug|Any CPU = Debug|Any CPU
		Release|Any CPU = Release|Any CPU
	EndGlobalSection
	GlobalSection(ProjectConfigurationPlatforms) = postSolution
		{2B8D016E-6627-4DB8-88CF-75BC72C5D034}.Debug|Any CPU.ActiveCfg = Debug|Any CPU
		{2B8D016E-6627-4DB8-88CF-75BC72C5D034}.Debug|Any CPU.Build.0 = Debug|Any CPU
		{2B8D016E-6627-4DB8-88CF-75BC72C5D034}.Release|Any CPU.ActiveCfg = Release|Any CPU
		{2B8D016E-6627-4DB8-88CF-75BC72C5D034}.Release|Any CPU.Build.0 = Release|Any CPU
		{C92BF16F-8CBA-4429-8062-F27E5A382700}.Debug|Any CPU.ActiveCfg = Debug|Any CPU
		{C92BF16F-8CBA-4429-8062-F27E5A382700}.Debug|Any CPU.Build.0 = Debug|Any CPU
		{C92BF16F-8CBA-4429-8062-F27E5A382700}.Release|Any CPU.ActiveCfg = Release|Any CPU
		{C92BF16F-8CBA-4429-8062-F27E5A382700}.Release|Any CPU.Build.0 = Release|Any CPU
		{9C2EA186-26C3-478A-88A8-B0B79FB80B58}.Debug|Any CPU.ActiveCfg = Debug|Any CPU
		{9C2EA186-26C3-478A-88A8-B0B79FB80B58}.Debug|Any CPU.Build.0 = Debug|Any CPU
		{9C2EA186-26C3-478A-88A8-B0B79FB80B58}.Release|Any CPU.ActiveCfg = Release|Any CPU
		{9C2EA186-26C3-478A-88A8-B0B79FB80B58}.Release|Any CPU.Build.0 = Release|Any CPU
		{1B454AFE-8B53-4191-B512-365709F1FD64}.Debug|Any CPU.ActiveCfg = Debug|Any CPU
		{1B454AFE-8B53-4191-B512-365709F1FD64}.Debug|Any CPU.Build.0 = Debug|Any CPU
		{1B454AFE-8B53-4191-B512-365709F1FD64}.Release|Any CPU.ActiveCfg = Release|Any CPU
		{1B454AFE-8B53-4191-B512-365709F1FD64}.Release|Any CPU.Build.0 = Release|Any CPU
	EndGlobalSection
EndGlobal
